
Microsoft Visual Studio Solution File, Format Version 12.00
# Visual Studio Version 17
VisualStudioVersion = 17.11.35222.181
MinimumVisualStudioVersion = 10.0.40219.1
Project("{FAE04EC0-301F-11D3-BF4B-00C04F79EFBC}") = "ConsoleApp3", "ConsoleApp3\ConsoleApp3.csproj", "{0F863C30-68EC-43F4-A5BF-161869C3141D}"
EndProject
Global
	GlobalSection(SolutionConfigurationPlatforms) = preSolution
		Debug|Any CPU = Debug|Any CPU
		Release|Any CPU = Release|Any CPU
	EndGlobalSection
	GlobalSection(ProjectConfigurationPlatforms) = postSolution
		{0F863C30-68EC-43F4-A5BF-161869C3141D}.Debug|Any CPU.ActiveCfg = Debug|Any CPU
		{0F863C30-68EC-43F4-A5BF-161869C3141D}.Debug|Any CPU.Build.0 = Debug|Any CPU
		{0F863C30-68EC-43F4-A5BF-161869C3141D}.Release|Any CPU.ActiveCfg = Release|Any CPU
		{0F863C30-68EC-43F4-A5BF-161869C3141D}.Release|Any CPU.Build.0 = Release|Any CPU
	EndGlobalSection
	GlobalSection(SolutionProperties) = preSolution
		HideSolutionNode = FALSE
	EndGlobalSection
	GlobalSection(ExtensibilityGlobals) = postSolution
		SolutionGuid = {9E59C51B-016C-4552-8EEC-DFB7F3595E80}
	EndGlobalSection
EndGlobal
